
Microsoft Visual Studio Solution File, Format Version 12.00
# Visual Studio Version 17
VisualStudioVersion = 17.0.31903.59
MinimumVisualStudioVersion = 10.0.40219.1
Project("{2150E333-8FDC-42A3-9474-1A3956D46DE8}") = "1 - RabbitMQ.Client", "1 - RabbitMQ.Client", "{4ED443A5-9CF7-0056-9082-E77FC4B0CC89}"
EndProject
Project("{FAE04EC0-301F-11D3-BF4B-00C04F79EFBC}") = "RabbitMQClient.Console", "1 - RabbitMQ.Client\RabbitMQClient.Console\RabbitMQClient.Console.csproj", "{656F76BC-4A8D-4BE1-80D9-2E4D1CA36A15}"
EndProject
Project("{2150E333-8FDC-42A3-9474-1A3956D46DE8}") = "2 - EasyNetQ", "2 - EasyNetQ", "{ECEA6256-9A70-4F44-E7E6-EF32AC3A6BC0}"
EndProject
Project("{FAE04EC0-301F-11D3-BF4B-00C04F79EFBC}") = "EasyNetQ.Console", "2 - EasyNetQ\EasyNetQ.Console\EasyNetQ.Console.csproj", "{847250A7-0364-4073-B518-B0EB8A1376AE}"
EndProject
Project("{FAE04EC0-301F-11D3-BF4B-00C04F79EFBC}") = "RabbitMQClient.Customers.API", "RabbitMQClient.Customers.API\RabbitMQClient.Customers.API.csproj", "{9150AFC1-2FCF-4C10-AB72-05F2CFB28BB0}"
EndProject
Project("{FAE04EC0-301F-11D3-BF4B-00C04F79EFBC}") = "RabbitMQClient.Marketing.API", "RabbitMQClient.Marketing.API\RabbitMQClient.Marketing.API.csproj", "{401EC0E0-3D33-413B-A821-BFDEFBC1BE87}"
EndProject
Project("{2150E333-8FDC-42A3-9474-1A3956D46DE8}") = "4 - Shared", "4 - Shared", "{02EA681E-C7D8-13C7-8484-4AC65E1B71E8}"
EndProject
Project("{FAE04EC0-301F-11D3-BF4B-00C04F79EFBC}") = "MessagingEvents.Shared", "MessagingEvents.Shared\MessagingEvents.Shared.csproj", "{D038CF5A-4325-4C2E-8D41-A62BCE566D93}"
EndProject
Project("{FAE04EC0-301F-11D3-BF4B-00C04F79EFBC}") = "EasyNetQ.Customers.API", "EasyNetQ.Customers.API\EasyNetQ.Customers.API.csproj", "{D08FA8D5-CC88-4E05-A576-30F4D357704C}"
EndProject
Project("{FAE04EC0-301F-11D3-BF4B-00C04F79EFBC}") = "EasyNetQ.Marketing.API", "EasyNetQ.Marketing.API\EasyNetQ.Marketing.API.csproj", "{251DCE5B-7B5C-4D2D-9743-99DB511345F8}"
EndProject
Project("{2150E333-8FDC-42A3-9474-1A3956D46DE8}") = "3 - MassTransit", "3 - MassTransit", "{C9BCF6BC-499D-493F-AC7A-B743366653AC}"
EndProject
Project("{FAE04EC0-301F-11D3-BF4B-00C04F79EFBC}") = "MassTransit.Customers.API", "MassTransit.Customers.API\MassTransit.Customers.API.csproj", "{EED84E92-D330-404D-A8EB-E182FE197201}"
EndProject
Project("{FAE04EC0-301F-11D3-BF4B-00C04F79EFBC}") = "MassTransit.Marketing.API", "MassTransit.Marketing.API\MassTransit.Marketing.API.csproj", "{EAB5F09A-CDD4-4E62-BB83-E92BAF4DB7E2}"
EndProject
Global
	GlobalSection(SolutionConfigurationPlatforms) = preSolution
		Debug|Any CPU = Debug|Any CPU
		Debug|x64 = Debug|x64
		Debug|x86 = Debug|x86
		Release|Any CPU = Release|Any CPU
		Release|x64 = Release|x64
		Release|x86 = Release|x86
	EndGlobalSection
	GlobalSection(ProjectConfigurationPlatforms) = postSolution
		{656F76BC-4A8D-4BE1-80D9-2E4D1CA36A15}.Debug|Any CPU.ActiveCfg = Debug|Any CPU
		{656F76BC-4A8D-4BE1-80D9-2E4D1CA36A15}.Debug|Any CPU.Build.0 = Debug|Any CPU
		{656F76BC-4A8D-4BE1-80D9-2E4D1CA36A15}.Debug|x64.ActiveCfg = Debug|Any CPU
		{656F76BC-4A8D-4BE1-80D9-2E4D1CA36A15}.Debug|x64.Build.0 = Debug|Any CPU
		{656F76BC-4A8D-4BE1-80D9-2E4D1CA36A15}.Debug|x86.ActiveCfg = Debug|Any CPU
		{656F76BC-4A8D-4BE1-80D9-2E4D1CA36A15}.Debug|x86.Build.0 = Debug|Any CPU
		{656F76BC-4A8D-4BE1-80D9-2E4D1CA36A15}.Release|Any CPU.ActiveCfg = Release|Any CPU
		{656F76BC-4A8D-4BE1-80D9-2E4D1CA36A15}.Release|Any CPU.Build.0 = Release|Any CPU
		{656F76BC-4A8D-4BE1-80D9-2E4D1CA36A15}.Release|x64.ActiveCfg = Release|Any CPU
		{656F76BC-4A8D-4BE1-80D9-2E4D1CA36A15}.Release|x64.Build.0 = Release|Any CPU
		{656F76BC-4A8D-4BE1-80D9-2E4D1CA36A15}.Release|x86.ActiveCfg = Release|Any CPU
		{656F76BC-4A8D-4BE1-80D9-2E4D1CA36A15}.Release|x86.Build.0 = Release|Any CPU
		{847250A7-0364-4073-B518-B0EB8A1376AE}.Debug|Any CPU.ActiveCfg = Debug|Any CPU
		{847250A7-0364-4073-B518-B0EB8A1376AE}.Debug|Any CPU.Build.0 = Debug|Any CPU
		{847250A7-0364-4073-B518-B0EB8A1376AE}.Debug|x64.ActiveCfg = Debug|Any CPU
		{847250A7-0364-4073-B518-B0EB8A1376AE}.Debug|x64.Build.0 = Debug|Any CPU
		{847250A7-0364-4073-B518-B0EB8A1376AE}.Debug|x86.ActiveCfg = Debug|Any CPU
		{847250A7-0364-4073-B518-B0EB8A1376AE}.Debug|x86.Build.0 = Debug|Any CPU
		{847250A7-0364-4073-B518-B0EB8A1376AE}.Release|Any CPU.ActiveCfg = Release|Any CPU
		{847250A7-0364-4073-B518-B0EB8A1376AE}.Release|Any CPU.Build.0 = Release|Any CPU
		{847250A7-0364-4073-B518-B0EB8A1376AE}.Release|x64.ActiveCfg = Release|Any CPU
		{847250A7-0364-4073-B518-B0EB8A1376AE}.Release|x64.Build.0 = Release|Any CPU
		{847250A7-0364-4073-B518-B0EB8A1376AE}.Release|x86.ActiveCfg = Release|Any CPU
		{847250A7-0364-4073-B518-B0EB8A1376AE}.Release|x86.Build.0 = Release|Any CPU
		{9150AFC1-2FCF-4C10-AB72-05F2CFB28BB0}.Debug|Any CPU.ActiveCfg = Debug|Any CPU
		{9150AFC1-2FCF-4C10-AB72-05F2CFB28BB0}.Debug|Any CPU.Build.0 = Debug|Any CPU
		{9150AFC1-2FCF-4C10-AB72-05F2CFB28BB0}.Debug|x64.ActiveCfg = Debug|Any CPU
		{9150AFC1-2FCF-4C10-AB72-05F2CFB28BB0}.Debug|x64.Build.0 = Debug|Any CPU
		{9150AFC1-2FCF-4C10-AB72-05F2CFB28BB0}.Debug|x86.ActiveCfg = Debug|Any CPU
		{9150AFC1-2FCF-4C10-AB72-05F2CFB28BB0}.Debug|x86.Build.0 = Debug|Any CPU
		{9150AFC1-2FCF-4C10-AB72-05F2CFB28BB0}.Release|Any CPU.ActiveCfg = Release|Any CPU
		{9150AFC1-2FCF-4C10-AB72-05F2CFB28BB0}.Release|Any CPU.Build.0 = Release|Any CPU
		{9150AFC1-2FCF-4C10-AB72-05F2CFB28BB0}.Release|x64.ActiveCfg = Release|Any CPU
		{9150AFC1-2FCF-4C10-AB72-05F2CFB28BB0}.Release|x64.Build.0 = Release|Any CPU
		{9150AFC1-2FCF-4C10-AB72-05F2CFB28BB0}.Release|x86.ActiveCfg = Release|Any CPU
		{9150AFC1-2FCF-4C10-AB72-05F2CFB28BB0}.Release|x86.Build.0 = Release|Any CPU
		{401EC0E0-3D33-413B-A821-BFDEFBC1BE87}.Debug|Any CPU.ActiveCfg = Debug|Any CPU
		{401EC0E0-3D33-413B-A821-BFDEFBC1BE87}.Debug|Any CPU.Build.0 = Debug|Any CPU
		{401EC0E0-3D33-413B-A821-BFDEFBC1BE87}.Debug|x64.ActiveCfg = Debug|Any CPU
		{401EC0E0-3D33-413B-A821-BFDEFBC1BE87}.Debug|x64.Build.0 = Debug|Any CPU
		{401EC0E0-3D33-413B-A821-BFDEFBC1BE87}.Debug|x86.ActiveCfg = Debug|Any CPU
		{401EC0E0-3D33-413B-A821-BFDEFBC1BE87}.Debug|x86.Build.0 = Debug|Any CPU
		{401EC0E0-3D33-413B-A821-BFDEFBC1BE87}.Release|Any CPU.ActiveCfg = Release|Any CPU
		{401EC0E0-3D33-413B-A821-BFDEFBC1BE87}.Release|Any CPU.Build.0 = Release|Any CPU
		{401EC0E0-3D33-413B-A821-BFDEFBC1BE87}.Release|x64.ActiveCfg = Release|Any CPU
		{401EC0E0-3D33-413B-A821-BFDEFBC1BE87}.Release|x64.Build.0 = Release|Any CPU
		{401EC0E0-3D33-413B-A821-BFDEFBC1BE87}.Release|x86.ActiveCfg = Release|Any CPU
		{401EC0E0-3D33-413B-A821-BFDEFBC1BE87}.Release|x86.Build.0 = Release|Any CPU
		{D038CF5A-4325-4C2E-8D41-A62BCE566D93}.Debug|Any CPU.ActiveCfg = Debug|Any CPU
		{D038CF5A-4325-4C2E-8D41-A62BCE566D93}.Debug|Any CPU.Build.0 = Debug|Any CPU
		{D038CF5A-4325-4C2E-8D41-A62BCE566D93}.Debug|x64.ActiveCfg = Debug|Any CPU
		{D038CF5A-4325-4C2E-8D41-A62BCE566D93}.Debug|x64.Build.0 = Debug|Any CPU
		{D038CF5A-4325-4C2E-8D41-A62BCE566D93}.Debug|x86.ActiveCfg = Debug|Any CPU
		{D038CF5A-4325-4C2E-8D41-A62BCE566D93}.Debug|x86.Build.0 = Debug|Any CPU
		{D038CF5A-4325-4C2E-8D41-A62BCE566D93}.Release|Any CPU.ActiveCfg = Release|Any CPU
		{D038CF5A-4325-4C2E-8D41-A62BCE566D93}.Release|Any CPU.Build.0 = Release|Any CPU
		{D038CF5A-4325-4C2E-8D41-A62BCE566D93}.Release|x64.ActiveCfg = Release|Any CPU
		{D038CF5A-4325-4C2E-8D41-A62BCE566D93}.Release|x64.Build.0 = Release|Any CPU
		{D038CF5A-4325-4C2E-8D41-A62BCE566D93}.Release|x86.ActiveCfg = Release|Any CPU
		{D038CF5A-4325-4C2E-8D41-A62BCE566D93}.Release|x86.Build.0 = Release|Any CPU
		{D08FA8D5-CC88-4E05-A576-30F4D357704C}.Debug|Any CPU.ActiveCfg = Debug|Any CPU
		{D08FA8D5-CC88-4E05-A576-30F4D357704C}.Debug|Any CPU.Build.0 = Debug|Any CPU
		{D08FA8D5-CC88-4E05-A576-30F4D357704C}.Debug|x64.ActiveCfg = Debug|Any CPU
		{D08FA8D5-CC88-4E05-A576-30F4D357704C}.Debug|x64.Build.0 = Debug|Any CPU
		{D08FA8D5-CC88-4E05-A576-30F4D357704C}.Debug|x86.ActiveCfg = Debug|Any CPU
		{D08FA8D5-CC88-4E05-A576-30F4D357704C}.Debug|x86.Build.0 = Debug|Any CPU
		{D08FA8D5-CC88-4E05-A576-30F4D357704C}.Release|Any CPU.ActiveCfg = Release|Any CPU
		{D08FA8D5-CC88-4E05-A576-30F4D357704C}.Release|Any CPU.Build.0 = Release|Any CPU
		{D08FA8D5-CC88-4E05-A576-30F4D357704C}.Release|x64.ActiveCfg = Release|Any CPU
		{D08FA8D5-CC88-4E05-A576-30F4D357704C}.Release|x64.Build.0 = Release|Any CPU
		{D08FA8D5-CC88-4E05-A576-30F4D357704C}.Release|x86.ActiveCfg = Release|Any CPU
		{D08FA8D5-CC88-4E05-A576-30F4D357704C}.Release|x86.Build.0 = Release|Any CPU
		{251DCE5B-7B5C-4D2D-9743-99DB511345F8}.Debug|Any CPU.ActiveCfg = Debug|Any CPU
		{251DCE5B-7B5C-4D2D-9743-99DB511345F8}.Debug|Any CPU.Build.0 = Debug|Any CPU
		{251DCE5B-7B5C-4D2D-9743-99DB511345F8}.Debug|x64.ActiveCfg = Debug|Any CPU
		{251DCE5B-7B5C-4D2D-9743-99DB511345F8}.Debug|x64.Build.0 = Debug|Any CPU
		{251DCE5B-7B5C-4D2D-9743-99DB511345F8}.Debug|x86.ActiveCfg = Debug|Any CPU
		{251DCE5B-7B5C-4D2D-9743-99DB511345F8}.Debug|x86.Build.0 = Debug|Any CPU
		{251DCE5B-7B5C-4D2D-9743-99DB511345F8}.Release|Any CPU.ActiveCfg = Release|Any CPU
		{251DCE5B-7B5C-4D2D-9743-99DB511345F8}.Release|Any CPU.Build.0 = Release|Any CPU
		{251DCE5B-7B5C-4D2D-9743-99DB511345F8}.Release|x64.ActiveCfg = Release|Any CPU
		{251DCE5B-7B5C-4D2D-9743-99DB511345F8}.Release|x64.Build.0 = Release|Any CPU
		{251DCE5B-7B5C-4D2D-9743-99DB511345F8}.Release|x86.ActiveCfg = Release|Any CPU
		{251DCE5B-7B5C-4D2D-9743-99DB511345F8}.Release|x86.Build.0 = Release|Any CPU
		{EED84E92-D330-404D-A8EB-E182FE197201}.Debug|Any CPU.ActiveCfg = Debug|Any CPU
		{EED84E92-D330-404D-A8EB-E182FE197201}.Debug|Any CPU.Build.0 = Debug|Any CPU
		{EED84E92-D330-404D-A8EB-E182FE197201}.Debug|x64.ActiveCfg = Debug|Any CPU
		{EED84E92-D330-404D-A8EB-E182FE197201}.Debug|x64.Build.0 = Debug|Any CPU
		{EED84E92-D330-404D-A8EB-E182FE197201}.Debug|x86.ActiveCfg = Debug|Any CPU
		{EED84E92-D330-404D-A8EB-E182FE197201}.Debug|x86.Build.0 = Debug|Any CPU
		{EED84E92-D330-404D-A8EB-E182FE197201}.Release|Any CPU.ActiveCfg = Release|Any CPU
		{EED84E92-D330-404D-A8EB-E182FE197201}.Release|Any CPU.Build.0 = Release|Any CPU
		{EED84E92-D330-404D-A8EB-E182FE197201}.Release|x64.ActiveCfg = Release|Any CPU
		{EED84E92-D330-404D-A8EB-E182FE197201}.Release|x64.Build.0 = Release|Any CPU
		{EED84E92-D330-404D-A8EB-E182FE197201}.Release|x86.ActiveCfg = Release|Any CPU
		{EED84E92-D330-404D-A8EB-E182FE197201}.Release|x86.Build.0 = Release|Any CPU
		{EAB5F09A-CDD4-4E62-BB83-E92BAF4DB7E2}.Debug|Any CPU.ActiveCfg = Debug|Any CPU
		{EAB5F09A-CDD4-4E62-BB83-E92BAF4DB7E2}.Debug|Any CPU.Build.0 = Debug|Any CPU
		{EAB5F09A-CDD4-4E62-BB83-E92BAF4DB7E2}.Debug|x64.ActiveCfg = Debug|Any CPU
		{EAB5F09A-CDD4-4E62-BB83-E92BAF4DB7E2}.Debug|x64.Build.0 = Debug|Any CPU
		{EAB5F09A-CDD4-4E62-BB83-E92BAF4DB7E2}.Debug|x86.ActiveCfg = Debug|Any CPU
		{EAB5F09A-CDD4-4E62-BB83-E92BAF4DB7E2}.Debug|x86.Build.0 = Debug|Any CPU
		{EAB5F09A-CDD4-4E62-BB83-E92BAF4DB7E2}.Release|Any CPU.ActiveCfg = Release|Any CPU
		{EAB5F09A-CDD4-4E62-BB83-E92BAF4DB7E2}.Release|Any CPU.Build.0 = Release|Any CPU
		{EAB5F09A-CDD4-4E62-BB83-E92BAF4DB7E2}.Release|x64.ActiveCfg = Release|Any CPU
		{EAB5F09A-CDD4-4E62-BB83-E92BAF4DB7E2}.Release|x64.Build.0 = Release|Any CPU
		{EAB5F09A-CDD4-4E62-BB83-E92BAF4DB7E2}.Release|x86.ActiveCfg = Release|Any CPU
		{EAB5F09A-CDD4-4E62-BB83-E92BAF4DB7E2}.Release|x86.Build.0 = Release|Any CPU
	EndGlobalSection
	GlobalSection(SolutionProperties) = preSolution
		HideSolutionNode = FALSE
	EndGlobalSection
	GlobalSection(NestedProjects) = preSolution
		{656F76BC-4A8D-4BE1-80D9-2E4D1CA36A15} = {4ED443A5-9CF7-0056-9082-E77FC4B0CC89}
		{847250A7-0364-4073-B518-B0EB8A1376AE} = {ECEA6256-9A70-4F44-E7E6-EF32AC3A6BC0}
		{9150AFC1-2FCF-4C10-AB72-05F2CFB28BB0} = {4ED443A5-9CF7-0056-9082-E77FC4B0CC89}
		{401EC0E0-3D33-413B-A821-BFDEFBC1BE87} = {4ED443A5-9CF7-0056-9082-E77FC4B0CC89}
		{D038CF5A-4325-4C2E-8D41-A62BCE566D93} = {02EA681E-C7D8-13C7-8484-4AC65E1B71E8}
		{D08FA8D5-CC88-4E05-A576-30F4D357704C} = {ECEA6256-9A70-4F44-E7E6-EF32AC3A6BC0}
		{251DCE5B-7B5C-4D2D-9743-99DB511345F8} = {ECEA6256-9A70-4F44-E7E6-EF32AC3A6BC0}
		{EED84E92-D330-404D-A8EB-E182FE197201} = {C9BCF6BC-499D-493F-AC7A-B743366653AC}
		{EAB5F09A-CDD4-4E62-BB83-E92BAF4DB7E2} = {C9BCF6BC-499D-493F-AC7A-B743366653AC}
	EndGlobalSection
	GlobalSection(ExtensibilityGlobals) = postSolution
		SolutionGuid = {769C06EB-5773-4270-9B1F-75E07646AFC1}
	EndGlobalSection
EndGlobal
